
Microsoft Visual Studio Solution File, Format Version 12.00
# Visual Studio Version 17
VisualStudioVersion = 17.6.33815.320
MinimumVisualStudioVersion = 10.0.40219.1
Project("{9A19103F-16F7-4668-BE54-9A1E7A4F7556}") = "AzureFunctionsNH", "AzureFunctionsNH.csproj", "{051880E0-B79F-449B-93CC-55255857B011}"
EndProject
Global
	GlobalSection(SolutionConfigurationPlatforms) = preSolution
		Debug|Any CPU = Debug|Any CPU
		Release|Any CPU = Release|Any CPU
	EndGlobalSection
	GlobalSection(ProjectConfigurationPlatforms) = postSolution
		{051880E0-B79F-449B-93CC-55255857B011}.Debug|Any CPU.ActiveCfg = Debug|Any CPU
		{051880E0-B79F-449B-93CC-55255857B011}.Debug|Any CPU.Build.0 = Debug|Any CPU
		{051880E0-B79F-449B-93CC-55255857B011}.Release|Any CPU.ActiveCfg = Release|Any CPU
		{051880E0-B79F-449B-93CC-55255857B011}.Release|Any CPU.Build.0 = Release|Any CPU
	EndGlobalSection
	GlobalSection(SolutionProperties) = preSolution
		HideSolutionNode = FALSE
	EndGlobalSection
	GlobalSection(ExtensibilityGlobals) = postSolution
		SolutionGuid = {C9C07670-8FF8-4E38-A124-E376317EF382}
	EndGlobalSection
EndGlobal
